
Microsoft Visual Studio Solution File, Format Version 12.00
# Visual Studio 15
VisualStudioVersion = 15.0.27130.2020
MinimumVisualStudioVersion = 10.0.40219.1
Project("{FAE04EC0-301F-11D3-BF4B-00C04F79EFBC}") = "YoutubeDownloader", "YoutubeDownloader\YoutubeDownloader.csproj", "{2F94A1F3-D26E-4570-8DC5-179C8F121530}"
EndProject
Global
	GlobalSection(SolutionConfigurationPlatforms) = preSolution
		Debug|Any CPU = Debug|Any CPU
		Release|Any CPU = Release|Any CPU
	EndGlobalSection
	GlobalSection(ProjectConfigurationPlatforms) = postSolution
		{2F94A1F3-D26E-4570-8DC5-179C8F121530}.Debug|Any CPU.ActiveCfg = Debug|Any CPU
		{2F94A1F3-D26E-4570-8DC5-179C8F121530}.Debug|Any CPU.Build.0 = Debug|Any CPU
		{2F94A1F3-D26E-4570-8DC5-179C8F121530}.Release|Any CPU.ActiveCfg = Release|Any CPU
		{2F94A1F3-D26E-4570-8DC5-179C8F121530}.Release|Any CPU.Build.0 = Release|Any CPU
	EndGlobalSection
	GlobalSection(SolutionProperties) = preSolution
		HideSolutionNode = FALSE
	EndGlobalSection
	GlobalSection(ExtensibilityGlobals) = postSolution
		SolutionGuid = {3FD43572-303E-487F-BF8A-6D9C0F9E5F8F}
	EndGlobalSection
EndGlobal
